
Microsoft Visual Studio Solution File, Format Version 12.00
# Visual Studio Version 17
VisualStudioVersion = 17.6.33815.320
MinimumVisualStudioVersion = 10.0.40219.1
Project("{FAE04EC0-301F-11D3-BF4B-00C04F79EFBC}") = "03-SFC", "03-SFC\03-SFC.csproj", "{AEEE0CB4-88F6-469C-B8B0-8F5BD89AB02C}"
EndProject
Global
	GlobalSection(SolutionConfigurationPlatforms) = preSolution
		Debug|Any CPU = Debug|Any CPU
		Release|Any CPU = Release|Any CPU
	EndGlobalSection
	GlobalSection(ProjectConfigurationPlatforms) = postSolution
		{AEEE0CB4-88F6-469C-B8B0-8F5BD89AB02C}.Debug|Any CPU.ActiveCfg = Debug|Any CPU
		{AEEE0CB4-88F6-469C-B8B0-8F5BD89AB02C}.Debug|Any CPU.Build.0 = Debug|Any CPU
		{AEEE0CB4-88F6-469C-B8B0-8F5BD89AB02C}.Release|Any CPU.ActiveCfg = Release|Any CPU
		{AEEE0CB4-88F6-469C-B8B0-8F5BD89AB02C}.Release|Any CPU.Build.0 = Release|Any CPU
	EndGlobalSection
	GlobalSection(SolutionProperties) = preSolution
		HideSolutionNode = FALSE
	EndGlobalSection
	GlobalSection(ExtensibilityGlobals) = postSolution
		SolutionGuid = {4771DF17-9227-4AF1-8785-B40E733D44BB}
	EndGlobalSection
EndGlobal
